// !$*UTF8*$!
{
	archiveVersion = 1;
	classes = {
	};
	objectVersion = 55;
	objects = {

/* Begin PBXBuildFile section */
		52B02A1327BBC89500CBB72C /* SwiftCrypt.swift in Sources */ = {isa = PBXBuildFile; fileRef = 52B02A1227BBC89500CBB72C /* SwiftCrypt.swift */; };
		52B02A1C27BBDDA400CBB72C /* SwiftMessages in Frameworks */ = {isa = PBXBuildFile; productRef = 52B02A1B27BBDDA400CBB72C /* SwiftMessages */; };
		52B02A1F27BBDDBB00CBB72C /* NVActivityIndicatorView in Frameworks */ = {isa = PBXBuildFile; productRef = 52B02A1E27BBDDBB00CBB72C /* NVActivityIndicatorView */; };
		52B02A2227BBDDCE00CBB72C /* UIView-Shimmer in Frameworks */ = {isa = PBXBuildFile; productRef = 52B02A2127BBDDCE00CBB72C /* UIView-Shimmer */; };
		52B02A2527BBDDF900CBB72C /* EasyNotificationBadge in Frameworks */ = {isa = PBXBuildFile; productRef = 52B02A2427BBDDF900CBB72C /* EasyNotificationBadge */; };
		52B02A2827BBDE4C00CBB72C /* FirebaseAuth in Frameworks */ = {isa = PBXBuildFile; productRef = 52B02A2727BBDE4C00CBB72C /* FirebaseAuth */; };
		52B02A2A27BBDE4C00CBB72C /* FirebaseDatabase in Frameworks */ = {isa = PBXBuildFile; productRef = 52B02A2927BBDE4C00CBB72C /* FirebaseDatabase */; };
		52B02A2C27BBDE4C00CBB72C /* FirebaseMessaging in Frameworks */ = {isa = PBXBuildFile; productRef = 52B02A2B27BBDE4C00CBB72C /* FirebaseMessaging */; };
		52B02A2F27BBDEFF00CBB72C /* MessageKit in Frameworks */ = {isa = PBXBuildFile; productRef = 52B02A2E27BBDEFF00CBB72C /* MessageKit */; };
		52B02A3227BBE00C00CBB72C /* GoogleMaps in Frameworks */ = {isa = PBXBuildFile; productRef = 52B02A3127BBE00C00CBB72C /* GoogleMaps */; };
		52B02A3427BBE00C00CBB72C /* GooglePlaces in Frameworks */ = {isa = PBXBuildFile; productRef = 52B02A3327BBE00C00CBB72C /* GooglePlaces */; };
		52B02A3727BBE0F000CBB72C /* Alamofire in Frameworks */ = {isa = PBXBuildFile; productRef = 52B02A3627BBE0F000CBB72C /* Alamofire */; };
		52B02A3A27BBE12000CBB72C /* SDWebImage in Frameworks */ = {isa = PBXBuildFile; productRef = 52B02A3927BBE12000CBB72C /* SDWebImage */; };
		52B02A3D27BBE47300CBB72C /* IQKeyboardManagerSwift in Frameworks */ = {isa = PBXBuildFile; productRef = 52B02A3C27BBE47300CBB72C /* IQKeyboardManagerSwift */; };
		52B8934927A54424002BE782 /* LittleSDK.docc in Sources */ = {isa = PBXBuildFile; fileRef = 52B8934827A54424002BE782 /* LittleSDK.docc */; };
		52B8934A27A54424002BE782 /* LittleSDK.h in Headers */ = {isa = PBXBuildFile; fileRef = 52B8934727A54424002BE782 /* LittleSDK.h */; settings = {ATTRIBUTES = (Public, ); }; };
		52B893F027A54495002BE782 /* OrderSummaryCell.xib in Resources */ = {isa = PBXBuildFile; fileRef = 52B8935727A54494002BE782 /* OrderSummaryCell.xib */; };
		52B893F127A54495002BE782 /* LocationCell.xib in Resources */ = {isa = PBXBuildFile; fileRef = 52B8935827A54494002BE782 /* LocationCell.xib */; };
		52B893F227A54495002BE782 /* OrderSummaryCell.swift in Sources */ = {isa = PBXBuildFile; fileRef = 52B8935927A54494002BE782 /* OrderSummaryCell.swift */; };
		52B893F327A54495002BE782 /* MenuCategoryCell.xib in Resources */ = {isa = PBXBuildFile; fileRef = 52B8935A27A54494002BE782 /* MenuCategoryCell.xib */; };
		52B893F427A54495002BE782 /* MenuAddonsCell.xib in Resources */ = {isa = PBXBuildFile; fileRef = 52B8935B27A54494002BE782 /* MenuAddonsCell.xib */; };
		52B893F527A54495002BE782 /* KYCCell.xib in Resources */ = {isa = PBXBuildFile; fileRef = 52B8935C27A54494002BE782 /* KYCCell.xib */; };
		52B893F627A54495002BE782 /* ExtraFieldsCell.swift in Sources */ = {isa = PBXBuildFile; fileRef = 52B8935D27A54494002BE782 /* ExtraFieldsCell.swift */; };
		52B893F727A54495002BE782 /* LocationTableViewCell.swift in Sources */ = {isa = PBXBuildFile; fileRef = 52B8935E27A54494002BE782 /* LocationTableViewCell.swift */; };
		52B893F827A54495002BE782 /* DriveMeCell.xib in Resources */ = {isa = PBXBuildFile; fileRef = 52B8935F27A54494002BE782 /* DriveMeCell.xib */; };
		52B893F927A54495002BE782 /* ChatToCell.swift in Sources */ = {isa = PBXBuildFile; fileRef = 52B8936027A54494002BE782 /* ChatToCell.swift */; };
		52B893FA27A54495002BE782 /* NewPreferredTableViewCell.swift in Sources */ = {isa = PBXBuildFile; fileRef = 52B8936127A54494002BE782 /* NewPreferredTableViewCell.swift */; };
		52B893FB27A54495002BE782 /* BreakdownTableViewCell.swift in Sources */ = {isa = PBXBuildFile; fileRef = 52B8936227A54494002BE782 /* BreakdownTableViewCell.swift */; };
		52B893FC27A54495002BE782 /* DestinationCell.xib in Resources */ = {isa = PBXBuildFile; fileRef = 52B8936327A54494002BE782 /* DestinationCell.xib */; };
		52B893FD27A54495002BE782 /* LocationsCell.swift in Sources */ = {isa = PBXBuildFile; fileRef = 52B8936427A54494002BE782 /* LocationsCell.swift */; };
		52B893FE27A54495002BE782 /* MenuAddonsCell.swift in Sources */ = {isa = PBXBuildFile; fileRef = 52B8936527A54494002BE782 /* MenuAddonsCell.swift */; };
		52B893FF27A54495002BE782 /* NewCartypeTableViewCell.xib in Resources */ = {isa = PBXBuildFile; fileRef = 52B8936627A54494002BE782 /* NewCartypeTableViewCell.xib */; };
		52B8940027A54495002BE782 /* DestinationCell.swift in Sources */ = {isa = PBXBuildFile; fileRef = 52B8936727A54494002BE782 /* DestinationCell.swift */; };
		52B8940127A54495002BE782 /* DeliveryCell.swift in Sources */ = {isa = PBXBuildFile; fileRef = 52B8936827A54494002BE782 /* DeliveryCell.swift */; };
		52B8940227A54495002BE782 /* ChatFromCell.xib in Resources */ = {isa = PBXBuildFile; fileRef = 52B8936927A54494002BE782 /* ChatFromCell.xib */; };
		52B8940327A54495002BE782 /* StopsCell.xib in Resources */ = {isa = PBXBuildFile; fileRef = 52B8936A27A54494002BE782 /* StopsCell.xib */; };
		52B8940427A54495002BE782 /* RecentsCell.xib in Resources */ = {isa = PBXBuildFile; fileRef = 52B8936B27A54494002BE782 /* RecentsCell.xib */; };
		52B8940527A54495002BE782 /* LocationCell.swift in Sources */ = {isa = PBXBuildFile; fileRef = 52B8936C27A54494002BE782 /* LocationCell.swift */; };
		52B8940627A54495002BE782 /* RestaurantCell.xib in Resources */ = {isa = PBXBuildFile; fileRef = 52B8936D27A54494002BE782 /* RestaurantCell.xib */; };
		52B8940727A54495002BE782 /* OrderHistoryCell.xib in Resources */ = {isa = PBXBuildFile; fileRef = 52B8936E27A54494002BE782 /* OrderHistoryCell.xib */; };
		52B8940827A54495002BE782 /* DeliveryCell.xib in Resources */ = {isa = PBXBuildFile; fileRef = 52B8936F27A54494002BE782 /* DeliveryCell.xib */; };
		52B8940927A54495002BE782 /* ExtraItemsCell.xib in Resources */ = {isa = PBXBuildFile; fileRef = 52B8937027A54494002BE782 /* ExtraItemsCell.xib */; };
		52B8940A27A54495002BE782 /* NewImgLblTableViewCell.swift in Sources */ = {isa = PBXBuildFile; fileRef = 52B8937127A54494002BE782 /* NewImgLblTableViewCell.swift */; };
		52B8940B27A54495002BE782 /* DriveMeCell.swift in Sources */ = {isa = PBXBuildFile; fileRef = 52B8937227A54494002BE782 /* DriveMeCell.swift */; };
		52B8940C27A54495002BE782 /* PlaceSuggestionCell.swift in Sources */ = {isa = PBXBuildFile; fileRef = 52B8937327A54494002BE782 /* PlaceSuggestionCell.swift */; };
		52B8940D27A54495002BE782 /* OrderHistoryCell.swift in Sources */ = {isa = PBXBuildFile; fileRef = 52B8937427A54494002BE782 /* OrderHistoryCell.swift */; };
		52B8940E27A54495002BE782 /* MenuCell.swift in Sources */ = {isa = PBXBuildFile; fileRef = 52B8937527A54494002BE782 /* MenuCell.swift */; };
		52B8940F27A54495002BE782 /* KYCCell.swift in Sources */ = {isa = PBXBuildFile; fileRef = 52B8937627A54494002BE782 /* KYCCell.swift */; };
		52B8941027A54495002BE782 /* NewImgLblTableViewCell.xib in Resources */ = {isa = PBXBuildFile; fileRef = 52B8937727A54494002BE782 /* NewImgLblTableViewCell.xib */; };
		52B8941127A54495002BE782 /* NewPreferredTableViewCell.xib in Resources */ = {isa = PBXBuildFile; fileRef = 52B8937827A54494002BE782 /* NewPreferredTableViewCell.xib */; };
		52B8941227A54495002BE782 /* MenuCategoryCell.swift in Sources */ = {isa = PBXBuildFile; fileRef = 52B8937927A54494002BE782 /* MenuCategoryCell.swift */; };
		52B8941327A54495002BE782 /* PlaceSuggestionCell.xib in Resources */ = {isa = PBXBuildFile; fileRef = 52B8937A27A54494002BE782 /* PlaceSuggestionCell.xib */; };
		52B8941427A54495002BE782 /* RestaurantCell.swift in Sources */ = {isa = PBXBuildFile; fileRef = 52B8937B27A54494002BE782 /* RestaurantCell.swift */; };
		52B8941527A54495002BE782 /* StopsCell.swift in Sources */ = {isa = PBXBuildFile; fileRef = 52B8937C27A54494002BE782 /* StopsCell.swift */; };
		52B8941627A54495002BE782 /* MenuCell.xib in Resources */ = {isa = PBXBuildFile; fileRef = 52B8937D27A54494002BE782 /* MenuCell.xib */; };
		52B8941727A54495002BE782 /* ChatToCell.xib in Resources */ = {isa = PBXBuildFile; fileRef = 52B8937E27A54494002BE782 /* ChatToCell.xib */; };
		52B8941827A54495002BE782 /* ChatFromCell.swift in Sources */ = {isa = PBXBuildFile; fileRef = 52B8937F27A54494002BE782 /* ChatFromCell.swift */; };
		52B8941927A54495002BE782 /* ExtraFieldsCell.xib in Resources */ = {isa = PBXBuildFile; fileRef = 52B8938027A54494002BE782 /* ExtraFieldsCell.xib */; };
		52B8941A27A54495002BE782 /* RecentsCell.swift in Sources */ = {isa = PBXBuildFile; fileRef = 52B8938127A54494002BE782 /* RecentsCell.swift */; };
		52B8941B27A54495002BE782 /* OffersCell.xib in Resources */ = {isa = PBXBuildFile; fileRef = 52B8938227A54494002BE782 /* OffersCell.xib */; };
		52B8941C27A54495002BE782 /* OffersCell.swift in Sources */ = {isa = PBXBuildFile; fileRef = 52B8938327A54494002BE782 /* OffersCell.swift */; };
		52B8941D27A54495002BE782 /* NewCartypeTableViewCell.swift in Sources */ = {isa = PBXBuildFile; fileRef = 52B8938427A54494002BE782 /* NewCartypeTableViewCell.swift */; };
		52B8941E27A54495002BE782 /* SwiftKeychainWrapper.h in Headers */ = {isa = PBXBuildFile; fileRef = 52B8938627A54494002BE782 /* SwiftKeychainWrapper.h */; };
		52B8941F27A54495002BE782 /* LittleSDKKCWrapper.swift in Sources */ = {isa = PBXBuildFile; fileRef = 52B8938727A54494002BE782 /* LittleSDKKCWrapper.swift */; };
		52B8942027A54495002BE782 /* LittleSDKKCItemAccessibility.swift in Sources */ = {isa = PBXBuildFile; fileRef = 52B8938827A54494002BE782 /* LittleSDKKCItemAccessibility.swift */; };
		52B8942127A54495002BE782 /* LittleSDKPanel.swift in Sources */ = {isa = PBXBuildFile; fileRef = 52B8938927A54494002BE782 /* LittleSDKPanel.swift */; };
		52B8942227A54495002BE782 /* LittleRideVC.swift in Sources */ = {isa = PBXBuildFile; fileRef = 52B8938B27A54494002BE782 /* LittleRideVC.swift */; };
		52B8942327A54495002BE782 /* ConfirmOrderController.swift in Sources */ = {isa = PBXBuildFile; fileRef = 52B8938C27A54494002BE782 /* ConfirmOrderController.swift */; };
		52B8942427A54495002BE782 /* SearchMultiple.swift in Sources */ = {isa = PBXBuildFile; fileRef = 52B8938D27A54494002BE782 /* SearchMultiple.swift */; };
		52B8942527A54495002BE782 /* SearchLocViewController.swift in Sources */ = {isa = PBXBuildFile; fileRef = 52B8938E27A54494002BE782 /* SearchLocViewController.swift */; };
		52B8942627A54495002BE782 /* InitializeSDKVC.swift in Sources */ = {isa = PBXBuildFile; fileRef = 52B8938F27A54494002BE782 /* InitializeSDKVC.swift */; };
		52B8942727A54495002BE782 /* CancelOrderController.swift in Sources */ = {isa = PBXBuildFile; fileRef = 52B8939027A54494002BE782 /* CancelOrderController.swift */; };
		52B8942827A54495002BE782 /* LoadCashViewController.swift in Sources */ = {isa = PBXBuildFile; fileRef = 52B8939127A54494002BE782 /* LoadCashViewController.swift */; };
		52B8942927A54495002BE782 /* ShowTripStopsController.swift in Sources */ = {isa = PBXBuildFile; fileRef = 52B8939227A54494002BE782 /* ShowTripStopsController.swift */; };
		52B8942A27A54495002BE782 /* TrackOrderController.swift in Sources */ = {isa = PBXBuildFile; fileRef = 52B8939327A54494002BE782 /* TrackOrderController.swift */; };
		52B8942B27A54495002BE782 /* TripRatingVC.swift in Sources */ = {isa = PBXBuildFile; fileRef = 52B8939427A54494002BE782 /* TripRatingVC.swift */; };
		52B8942C27A54495002BE782 /* SearchLocationViewController.swift in Sources */ = {isa = PBXBuildFile; fileRef = 52B8939527A54494002BE782 /* SearchLocationViewController.swift */; };
		52B8942D27A54495002BE782 /* SearchController.swift in Sources */ = {isa = PBXBuildFile; fileRef = 52B8939627A54494002BE782 /* SearchController.swift */; };
		52B8942E27A54495002BE782 /* UMIController.swift in Sources */ = {isa = PBXBuildFile; fileRef = 52B8939727A54494002BE782 /* UMIController.swift */; };
		52B8942F27A54495002BE782 /* ChatController.swift in Sources */ = {isa = PBXBuildFile; fileRef = 52B8939827A54494002BE782 /* ChatController.swift */; };
		52B8943027A54495002BE782 /* ExtraItemsController.swift in Sources */ = {isa = PBXBuildFile; fileRef = 52B8939927A54494002BE782 /* ExtraItemsController.swift */; };
		52B8943127A54495002BE782 /* DeliveriesController.swift in Sources */ = {isa = PBXBuildFile; fileRef = 52B8939A27A54494002BE782 /* DeliveriesController.swift */; };
		52B8943227A54495002BE782 /* OrderHistoryController.swift in Sources */ = {isa = PBXBuildFile; fileRef = 52B8939B27A54494002BE782 /* OrderHistoryController.swift */; };
		52B8943327A54495002BE782 /* NewPopoverController.swift in Sources */ = {isa = PBXBuildFile; fileRef = 52B8939C27A54494002BE782 /* NewPopoverController.swift */; };
		52B8943427A54495002BE782 /* TripVC.swift in Sources */ = {isa = PBXBuildFile; fileRef = 52B8939D27A54494002BE782 /* TripVC.swift */; };
		52B8943527A54495002BE782 /* ReceiptVC.swift in Sources */ = {isa = PBXBuildFile; fileRef = 52B8939E27A54494002BE782 /* ReceiptVC.swift */; };
		52B8943627A54495002BE782 /* ProductController.swift in Sources */ = {isa = PBXBuildFile; fileRef = 52B8939F27A54494002BE782 /* ProductController.swift */; };
		52B8943727A54495002BE782 /* OrderSummaryController.swift in Sources */ = {isa = PBXBuildFile; fileRef = 52B893A027A54494002BE782 /* OrderSummaryController.swift */; };
		52B8943827A54495002BE782 /* RatingVC.swift in Sources */ = {isa = PBXBuildFile; fileRef = 52B893A127A54494002BE782 /* RatingVC.swift */; };
		52B8943927A54495002BE782 /* ScannerVC.swift in Sources */ = {isa = PBXBuildFile; fileRef = 52B893A227A54494002BE782 /* ScannerVC.swift */; };
		52B8943A27A54495002BE782 /* CardViewController.swift in Sources */ = {isa = PBXBuildFile; fileRef = 52B893A427A54494002BE782 /* CardViewController.swift */; };
		52B8943B27A54495002BE782 /* CardViewController.xib in Resources */ = {isa = PBXBuildFile; fileRef = 52B893A527A54494002BE782 /* CardViewController.xib */; };
		52B8943C27A54495002BE782 /* PopoverPlaceInfo.swift in Sources */ = {isa = PBXBuildFile; fileRef = 52B893A627A54494002BE782 /* PopoverPlaceInfo.swift */; };
		52B8943D27A54495002BE782 /* PopoverEnterText.swift in Sources */ = {isa = PBXBuildFile; fileRef = 52B893A727A54494002BE782 /* PopoverEnterText.swift */; };
		52B8943E27A54495002BE782 /* PopOverAlertWithAction.swift in Sources */ = {isa = PBXBuildFile; fileRef = 52B893A827A54494002BE782 /* PopOverAlertWithAction.swift */; };
		52B8943F27A54495002BE782 /* PopoverEnterText.xib in Resources */ = {isa = PBXBuildFile; fileRef = 52B893A927A54494002BE782 /* PopoverEnterText.xib */; };
		52B8944027A54495002BE782 /* PopoverPlaceInfo.xib in Resources */ = {isa = PBXBuildFile; fileRef = 52B893AA27A54494002BE782 /* PopoverPlaceInfo.xib */; };
		52B8944127A54495002BE782 /* PopOverAlertWithAction.xib in Resources */ = {isa = PBXBuildFile; fileRef = 52B893AB27A54494002BE782 /* PopOverAlertWithAction.xib */; };
		52B8944227A54495002BE782 /* SDKStructures.swift in Sources */ = {isa = PBXBuildFile; fileRef = 52B893AD27A54494002BE782 /* SDKStructures.swift */; };
		52B8944327A54495002BE782 /* SDKHandleCalls.swift in Sources */ = {isa = PBXBuildFile; fileRef = 52B893AE27A54494002BE782 /* SDKHandleCalls.swift */; };
		52B8944427A54495002BE782 /* SDKDatePicker.swift in Sources */ = {isa = PBXBuildFile; fileRef = 52B893AF27A54494002BE782 /* SDKDatePicker.swift */; };
		52B8944527A54495002BE782 /* SDKExtensions.swift in Sources */ = {isa = PBXBuildFile; fileRef = 52B893B027A54494002BE782 /* SDKExtensions.swift */; };
		52B8944627A54495002BE782 /* SDKRatingView.swift in Sources */ = {isa = PBXBuildFile; fileRef = 52B893B127A54494002BE782 /* SDKRatingView.swift */; };
		52B8944727A54495002BE782 /* SDKLocationStructures.swift in Sources */ = {isa = PBXBuildFile; fileRef = 52B893B227A54494002BE782 /* SDKLocationStructures.swift */; };
		52B8944827A54495002BE782 /* SDKAllMethods.swift in Sources */ = {isa = PBXBuildFile; fileRef = 52B893B327A54494002BE782 /* SDKAllMethods.swift */; };
		52B8944927A54495002BE782 /* SDKReachability.swift in Sources */ = {isa = PBXBuildFile; fileRef = 52B893B427A54494002BE782 /* SDKReachability.swift */; };
		52B8944A27A54495002BE782 /* SDKDrivers.swift in Sources */ = {isa = PBXBuildFile; fileRef = 52B893B527A54494002BE782 /* SDKDrivers.swift */; };
		52B8944B27A54495002BE782 /* SDKConstants.swift in Sources */ = {isa = PBXBuildFile; fileRef = 52B893B627A54494002BE782 /* SDKConstants.swift */; };
		52B8947427A54495002BE782 /* UMI.storyboard in Resources */ = {isa = PBXBuildFile; fileRef = 52B893E527A54495002BE782 /* UMI.storyboard */; };
		52B8947527A54495002BE782 /* sparkle.wav in Resources */ = {isa = PBXBuildFile; fileRef = 52B893E627A54495002BE782 /* sparkle.wav */; };
		52B8947627A54495002BE782 /* Media.xcassets in Resources */ = {isa = PBXBuildFile; fileRef = 52B893E727A54495002BE782 /* Media.xcassets */; };
		52B8947727A54495002BE782 /* style.json in Resources */ = {isa = PBXBuildFile; fileRef = 52B893E827A54495002BE782 /* style.json */; };
		52B8947827A54495002BE782 /* delivery_truck.png in Resources */ = {isa = PBXBuildFile; fileRef = 52B893E927A54495002BE782 /* delivery_truck.png */; };
		52B8947927A54495002BE782 /* Trip.storyboard in Resources */ = {isa = PBXBuildFile; fileRef = 52B893EA27A54495002BE782 /* Trip.storyboard */; };
		52B8947A27A54495002BE782 /* Deliveries.storyboard in Resources */ = {isa = PBXBuildFile; fileRef = 52B893EB27A54495002BE782 /* Deliveries.storyboard */; };
/* End PBXBuildFile section */

/* Begin PBXFileReference section */
		52B02A1227BBC89500CBB72C /* SwiftCrypt.swift */ = {isa = PBXFileReference; fileEncoding = 4; lastKnownFileType = sourcecode.swift; path = SwiftCrypt.swift; sourceTree = "<group>"; };
		52B8934427A54424002BE782 /* LittleSDK.framework */ = {isa = PBXFileReference; explicitFileType = wrapper.framework; includeInIndex = 0; path = LittleSDK.framework; sourceTree = BUILT_PRODUCTS_DIR; };
		52B8934727A54424002BE782 /* LittleSDK.h */ = {isa = PBXFileReference; lastKnownFileType = sourcecode.c.h; path = LittleSDK.h; sourceTree = "<group>"; };
		52B8934827A54424002BE782 /* LittleSDK.docc */ = {isa = PBXFileReference; lastKnownFileType = folder.documentationcatalog; path = LittleSDK.docc; sourceTree = "<group>"; };
		52B8935727A54494002BE782 /* OrderSummaryCell.xib */ = {isa = PBXFileReference; fileEncoding = 4; lastKnownFileType = file.xib; path = OrderSummaryCell.xib; sourceTree = "<group>"; };
		52B8935827A54494002BE782 /* LocationCell.xib */ = {isa = PBXFileReference; fileEncoding = 4; lastKnownFileType = file.xib; path = LocationCell.xib; sourceTree = "<group>"; };
		52B8935927A54494002BE782 /* OrderSummaryCell.swift */ = {isa = PBXFileReference; fileEncoding = 4; lastKnownFileType = sourcecode.swift; path = OrderSummaryCell.swift; sourceTree = "<group>"; };
		52B8935A27A54494002BE782 /* MenuCategoryCell.xib */ = {isa = PBXFileReference; fileEncoding = 4; lastKnownFileType = file.xib; path = MenuCategoryCell.xib; sourceTree = "<group>"; };
		52B8935B27A54494002BE782 /* MenuAddonsCell.xib */ = {isa = PBXFileReference; fileEncoding = 4; lastKnownFileType = file.xib; path = MenuAddonsCell.xib; sourceTree = "<group>"; };
		52B8935C27A54494002BE782 /* KYCCell.xib */ = {isa = PBXFileReference; fileEncoding = 4; lastKnownFileType = file.xib; path = KYCCell.xib; sourceTree = "<group>"; };
		52B8935D27A54494002BE782 /* ExtraFieldsCell.swift */ = {isa = PBXFileReference; fileEncoding = 4; lastKnownFileType = sourcecode.swift; path = ExtraFieldsCell.swift; sourceTree = "<group>"; };
		52B8935E27A54494002BE782 /* LocationTableViewCell.swift */ = {isa = PBXFileReference; fileEncoding = 4; lastKnownFileType = sourcecode.swift; path = LocationTableViewCell.swift; sourceTree = "<group>"; };
		52B8935F27A54494002BE782 /* DriveMeCell.xib */ = {isa = PBXFileReference; fileEncoding = 4; lastKnownFileType = file.xib; path = DriveMeCell.xib; sourceTree = "<group>"; };
		52B8936027A54494002BE782 /* ChatToCell.swift */ = {isa = PBXFileReference; fileEncoding = 4; lastKnownFileType = sourcecode.swift; path = ChatToCell.swift; sourceTree = "<group>"; };
		52B8936127A54494002BE782 /* NewPreferredTableViewCell.swift */ = {isa = PBXFileReference; fileEncoding = 4; lastKnownFileType = sourcecode.swift; path = NewPreferredTableViewCell.swift; sourceTree = "<group>"; };
		52B8936227A54494002BE782 /* BreakdownTableViewCell.swift */ = {isa = PBXFileReference; fileEncoding = 4; lastKnownFileType = sourcecode.swift; path = BreakdownTableViewCell.swift; sourceTree = "<group>"; };
		52B8936327A54494002BE782 /* DestinationCell.xib */ = {isa = PBXFileReference; fileEncoding = 4; lastKnownFileType = file.xib; path = DestinationCell.xib; sourceTree = "<group>"; };
		52B8936427A54494002BE782 /* LocationsCell.swift */ = {isa = PBXFileReference; fileEncoding = 4; lastKnownFileType = sourcecode.swift; path = LocationsCell.swift; sourceTree = "<group>"; };
		52B8936527A54494002BE782 /* MenuAddonsCell.swift */ = {isa = PBXFileReference; fileEncoding = 4; lastKnownFileType = sourcecode.swift; path = MenuAddonsCell.swift; sourceTree = "<group>"; };
		52B8936627A54494002BE782 /* NewCartypeTableViewCell.xib */ = {isa = PBXFileReference; fileEncoding = 4; lastKnownFileType = file.xib; path = NewCartypeTableViewCell.xib; sourceTree = "<group>"; };
		52B8936727A54494002BE782 /* DestinationCell.swift */ = {isa = PBXFileReference; fileEncoding = 4; lastKnownFileType = sourcecode.swift; path = DestinationCell.swift; sourceTree = "<group>"; };
		52B8936827A54494002BE782 /* DeliveryCell.swift */ = {isa = PBXFileReference; fileEncoding = 4; lastKnownFileType = sourcecode.swift; path = DeliveryCell.swift; sourceTree = "<group>"; };
		52B8936927A54494002BE782 /* ChatFromCell.xib */ = {isa = PBXFileReference; fileEncoding = 4; lastKnownFileType = file.xib; path = ChatFromCell.xib; sourceTree = "<group>"; };
		52B8936A27A54494002BE782 /* StopsCell.xib */ = {isa = PBXFileReference; fileEncoding = 4; lastKnownFileType = file.xib; path = StopsCell.xib; sourceTree = "<group>"; };
		52B8936B27A54494002BE782 /* RecentsCell.xib */ = {isa = PBXFileReference; fileEncoding = 4; lastKnownFileType = file.xib; path = RecentsCell.xib; sourceTree = "<group>"; };
		52B8936C27A54494002BE782 /* LocationCell.swift */ = {isa = PBXFileReference; fileEncoding = 4; lastKnownFileType = sourcecode.swift; path = LocationCell.swift; sourceTree = "<group>"; };
		52B8936D27A54494002BE782 /* RestaurantCell.xib */ = {isa = PBXFileReference; fileEncoding = 4; lastKnownFileType = file.xib; path = RestaurantCell.xib; sourceTree = "<group>"; };
		52B8936E27A54494002BE782 /* OrderHistoryCell.xib */ = {isa = PBXFileReference; fileEncoding = 4; lastKnownFileType = file.xib; path = OrderHistoryCell.xib; sourceTree = "<group>"; };
		52B8936F27A54494002BE782 /* DeliveryCell.xib */ = {isa = PBXFileReference; fileEncoding = 4; lastKnownFileType = file.xib; path = DeliveryCell.xib; sourceTree = "<group>"; };
		52B8937027A54494002BE782 /* ExtraItemsCell.xib */ = {isa = PBXFileReference; fileEncoding = 4; lastKnownFileType = file.xib; path = ExtraItemsCell.xib; sourceTree = "<group>"; };
		52B8937127A54494002BE782 /* NewImgLblTableViewCell.swift */ = {isa = PBXFileReference; fileEncoding = 4; lastKnownFileType = sourcecode.swift; path = NewImgLblTableViewCell.swift; sourceTree = "<group>"; };
		52B8937227A54494002BE782 /* DriveMeCell.swift */ = {isa = PBXFileReference; fileEncoding = 4; lastKnownFileType = sourcecode.swift; path = DriveMeCell.swift; sourceTree = "<group>"; };
		52B8937327A54494002BE782 /* PlaceSuggestionCell.swift */ = {isa = PBXFileReference; fileEncoding = 4; lastKnownFileType = sourcecode.swift; path = PlaceSuggestionCell.swift; sourceTree = "<group>"; };
		52B8937427A54494002BE782 /* OrderHistoryCell.swift */ = {isa = PBXFileReference; fileEncoding = 4; lastKnownFileType = sourcecode.swift; path = OrderHistoryCell.swift; sourceTree = "<group>"; };
		52B8937527A54494002BE782 /* MenuCell.swift */ = {isa = PBXFileReference; fileEncoding = 4; lastKnownFileType = sourcecode.swift; path = MenuCell.swift; sourceTree = "<group>"; };
		52B8937627A54494002BE782 /* KYCCell.swift */ = {isa = PBXFileReference; fileEncoding = 4; lastKnownFileType = sourcecode.swift; path = KYCCell.swift; sourceTree = "<group>"; };
		52B8937727A54494002BE782 /* NewImgLblTableViewCell.xib */ = {isa = PBXFileReference; fileEncoding = 4; lastKnownFileType = file.xib; path = NewImgLblTableViewCell.xib; sourceTree = "<group>"; };
		52B8937827A54494002BE782 /* NewPreferredTableViewCell.xib */ = {isa = PBXFileReference; fileEncoding = 4; lastKnownFileType = file.xib; path = NewPreferredTableViewCell.xib; sourceTree = "<group>"; };
		52B8937927A54494002BE782 /* MenuCategoryCell.swift */ = {isa = PBXFileReference; fileEncoding = 4; lastKnownFileType = sourcecode.swift; path = MenuCategoryCell.swift; sourceTree = "<group>"; };
		52B8937A27A54494002BE782 /* PlaceSuggestionCell.xib */ = {isa = PBXFileReference; fileEncoding = 4; lastKnownFileType = file.xib; path = PlaceSuggestionCell.xib; sourceTree = "<group>"; };
		52B8937B27A54494002BE782 /* RestaurantCell.swift */ = {isa = PBXFileReference; fileEncoding = 4; lastKnownFileType = sourcecode.swift; path = RestaurantCell.swift; sourceTree = "<group>"; };
		52B8937C27A54494002BE782 /* StopsCell.swift */ = {isa = PBXFileReference; fileEncoding = 4; lastKnownFileType = sourcecode.swift; path = StopsCell.swift; sourceTree = "<group>"; };
		52B8937D27A54494002BE782 /* MenuCell.xib */ = {isa = PBXFileReference; fileEncoding = 4; lastKnownFileType = file.xib; path = MenuCell.xib; sourceTree = "<group>"; };
		52B8937E27A54494002BE782 /* ChatToCell.xib */ = {isa = PBXFileReference; fileEncoding = 4; lastKnownFileType = file.xib; path = ChatToCell.xib; sourceTree = "<group>"; };
		52B8937F27A54494002BE782 /* ChatFromCell.swift */ = {isa = PBXFileReference; fileEncoding = 4; lastKnownFileType = sourcecode.swift; path = ChatFromCell.swift; sourceTree = "<group>"; };
		52B8938027A54494002BE782 /* ExtraFieldsCell.xib */ = {isa = PBXFileReference; fileEncoding = 4; lastKnownFileType = file.xib; path = ExtraFieldsCell.xib; sourceTree = "<group>"; };
		52B8938127A54494002BE782 /* RecentsCell.swift */ = {isa = PBXFileReference; fileEncoding = 4; lastKnownFileType = sourcecode.swift; path = RecentsCell.swift; sourceTree = "<group>"; };
		52B8938227A54494002BE782 /* OffersCell.xib */ = {isa = PBXFileReference; fileEncoding = 4; lastKnownFileType = file.xib; path = OffersCell.xib; sourceTree = "<group>"; };
		52B8938327A54494002BE782 /* OffersCell.swift */ = {isa = PBXFileReference; fileEncoding = 4; lastKnownFileType = sourcecode.swift; path = OffersCell.swift; sourceTree = "<group>"; };
		52B8938427A54494002BE782 /* NewCartypeTableViewCell.swift */ = {isa = PBXFileReference; fileEncoding = 4; lastKnownFileType = sourcecode.swift; path = NewCartypeTableViewCell.swift; sourceTree = "<group>"; };
		52B8938627A54494002BE782 /* SwiftKeychainWrapper.h */ = {isa = PBXFileReference; fileEncoding = 4; lastKnownFileType = sourcecode.c.h; path = SwiftKeychainWrapper.h; sourceTree = "<group>"; };
		52B8938727A54494002BE782 /* LittleSDKKCWrapper.swift */ = {isa = PBXFileReference; fileEncoding = 4; lastKnownFileType = sourcecode.swift; path = LittleSDKKCWrapper.swift; sourceTree = "<group>"; };
		52B8938827A54494002BE782 /* LittleSDKKCItemAccessibility.swift */ = {isa = PBXFileReference; fileEncoding = 4; lastKnownFileType = sourcecode.swift; path = LittleSDKKCItemAccessibility.swift; sourceTree = "<group>"; };
		52B8938927A54494002BE782 /* LittleSDKPanel.swift */ = {isa = PBXFileReference; fileEncoding = 4; lastKnownFileType = sourcecode.swift; path = LittleSDKPanel.swift; sourceTree = "<group>"; };
		52B8938B27A54494002BE782 /* LittleRideVC.swift */ = {isa = PBXFileReference; fileEncoding = 4; lastKnownFileType = sourcecode.swift; path = LittleRideVC.swift; sourceTree = "<group>"; };
		52B8938C27A54494002BE782 /* ConfirmOrderController.swift */ = {isa = PBXFileReference; fileEncoding = 4; lastKnownFileType = sourcecode.swift; path = ConfirmOrderController.swift; sourceTree = "<group>"; };
		52B8938D27A54494002BE782 /* SearchMultiple.swift */ = {isa = PBXFileReference; fileEncoding = 4; lastKnownFileType = sourcecode.swift; path = SearchMultiple.swift; sourceTree = "<group>"; };
		52B8938E27A54494002BE782 /* SearchLocViewController.swift */ = {isa = PBXFileReference; fileEncoding = 4; lastKnownFileType = sourcecode.swift; path = SearchLocViewController.swift; sourceTree = "<group>"; };
		52B8938F27A54494002BE782 /* InitializeSDKVC.swift */ = {isa = PBXFileReference; fileEncoding = 4; lastKnownFileType = sourcecode.swift; path = InitializeSDKVC.swift; sourceTree = "<group>"; };
		52B8939027A54494002BE782 /* CancelOrderController.swift */ = {isa = PBXFileReference; fileEncoding = 4; lastKnownFileType = sourcecode.swift; path = CancelOrderController.swift; sourceTree = "<group>"; };
		52B8939127A54494002BE782 /* LoadCashViewController.swift */ = {isa = PBXFileReference; fileEncoding = 4; lastKnownFileType = sourcecode.swift; path = LoadCashViewController.swift; sourceTree = "<group>"; };
		52B8939227A54494002BE782 /* ShowTripStopsController.swift */ = {isa = PBXFileReference; fileEncoding = 4; lastKnownFileType = sourcecode.swift; path = ShowTripStopsController.swift; sourceTree = "<group>"; };
		52B8939327A54494002BE782 /* TrackOrderController.swift */ = {isa = PBXFileReference; fileEncoding = 4; lastKnownFileType = sourcecode.swift; path = TrackOrderController.swift; sourceTree = "<group>"; };
		52B8939427A54494002BE782 /* TripRatingVC.swift */ = {isa = PBXFileReference; fileEncoding = 4; lastKnownFileType = sourcecode.swift; path = TripRatingVC.swift; sourceTree = "<group>"; };
		52B8939527A54494002BE782 /* SearchLocationViewController.swift */ = {isa = PBXFileReference; fileEncoding = 4; lastKnownFileType = sourcecode.swift; path = SearchLocationViewController.swift; sourceTree = "<group>"; };
		52B8939627A54494002BE782 /* SearchController.swift */ = {isa = PBXFileReference; fileEncoding = 4; lastKnownFileType = sourcecode.swift; path = SearchController.swift; sourceTree = "<group>"; };
		52B8939727A54494002BE782 /* UMIController.swift */ = {isa = PBXFileReference; fileEncoding = 4; lastKnownFileType = sourcecode.swift; path = UMIController.swift; sourceTree = "<group>"; };
		52B8939827A54494002BE782 /* ChatController.swift */ = {isa = PBXFileReference; fileEncoding = 4; lastKnownFileType = sourcecode.swift; path = ChatController.swift; sourceTree = "<group>"; };
		52B8939927A54494002BE782 /* ExtraItemsController.swift */ = {isa = PBXFileReference; fileEncoding = 4; lastKnownFileType = sourcecode.swift; path = ExtraItemsController.swift; sourceTree = "<group>"; };
		52B8939A27A54494002BE782 /* DeliveriesController.swift */ = {isa = PBXFileReference; fileEncoding = 4; lastKnownFileType = sourcecode.swift; path = DeliveriesController.swift; sourceTree = "<group>"; };
		52B8939B27A54494002BE782 /* OrderHistoryController.swift */ = {isa = PBXFileReference; fileEncoding = 4; lastKnownFileType = sourcecode.swift; path = OrderHistoryController.swift; sourceTree = "<group>"; };
		52B8939C27A54494002BE782 /* NewPopoverController.swift */ = {isa = PBXFileReference; fileEncoding = 4; lastKnownFileType = sourcecode.swift; path = NewPopoverController.swift; sourceTree = "<group>"; };
		52B8939D27A54494002BE782 /* TripVC.swift */ = {isa = PBXFileReference; fileEncoding = 4; lastKnownFileType = sourcecode.swift; path = TripVC.swift; sourceTree = "<group>"; };
		52B8939E27A54494002BE782 /* ReceiptVC.swift */ = {isa = PBXFileReference; fileEncoding = 4; lastKnownFileType = sourcecode.swift; path = ReceiptVC.swift; sourceTree = "<group>"; };
		52B8939F27A54494002BE782 /* ProductController.swift */ = {isa = PBXFileReference; fileEncoding = 4; lastKnownFileType = sourcecode.swift; path = ProductController.swift; sourceTree = "<group>"; };
		52B893A027A54494002BE782 /* OrderSummaryController.swift */ = {isa = PBXFileReference; fileEncoding = 4; lastKnownFileType = sourcecode.swift; path = OrderSummaryController.swift; sourceTree = "<group>"; };
		52B893A127A54494002BE782 /* RatingVC.swift */ = {isa = PBXFileReference; fileEncoding = 4; lastKnownFileType = sourcecode.swift; path = RatingVC.swift; sourceTree = "<group>"; };
		52B893A227A54494002BE782 /* ScannerVC.swift */ = {isa = PBXFileReference; fileEncoding = 4; lastKnownFileType = sourcecode.swift; path = ScannerVC.swift; sourceTree = "<group>"; };
		52B893A427A54494002BE782 /* CardViewController.swift */ = {isa = PBXFileReference; fileEncoding = 4; lastKnownFileType = sourcecode.swift; path = CardViewController.swift; sourceTree = "<group>"; };
		52B893A527A54494002BE782 /* CardViewController.xib */ = {isa = PBXFileReference; fileEncoding = 4; lastKnownFileType = file.xib; path = CardViewController.xib; sourceTree = "<group>"; };
		52B893A627A54494002BE782 /* PopoverPlaceInfo.swift */ = {isa = PBXFileReference; fileEncoding = 4; lastKnownFileType = sourcecode.swift; path = PopoverPlaceInfo.swift; sourceTree = "<group>"; };
		52B893A727A54494002BE782 /* PopoverEnterText.swift */ = {isa = PBXFileReference; fileEncoding = 4; lastKnownFileType = sourcecode.swift; path = PopoverEnterText.swift; sourceTree = "<group>"; };
		52B893A827A54494002BE782 /* PopOverAlertWithAction.swift */ = {isa = PBXFileReference; fileEncoding = 4; lastKnownFileType = sourcecode.swift; path = PopOverAlertWithAction.swift; sourceTree = "<group>"; };
		52B893A927A54494002BE782 /* PopoverEnterText.xib */ = {isa = PBXFileReference; fileEncoding = 4; lastKnownFileType = file.xib; path = PopoverEnterText.xib; sourceTree = "<group>"; };
		52B893AA27A54494002BE782 /* PopoverPlaceInfo.xib */ = {isa = PBXFileReference; fileEncoding = 4; lastKnownFileType = file.xib; path = PopoverPlaceInfo.xib; sourceTree = "<group>"; };
		52B893AB27A54494002BE782 /* PopOverAlertWithAction.xib */ = {isa = PBXFileReference; fileEncoding = 4; lastKnownFileType = file.xib; path = PopOverAlertWithAction.xib; sourceTree = "<group>"; };
		52B893AD27A54494002BE782 /* SDKStructures.swift */ = {isa = PBXFileReference; fileEncoding = 4; lastKnownFileType = sourcecode.swift; path = SDKStructures.swift; sourceTree = "<group>"; };
		52B893AE27A54494002BE782 /* SDKHandleCalls.swift */ = {isa = PBXFileReference; fileEncoding = 4; lastKnownFileType = sourcecode.swift; path = SDKHandleCalls.swift; sourceTree = "<group>"; };
		52B893AF27A54494002BE782 /* SDKDatePicker.swift */ = {isa = PBXFileReference; fileEncoding = 4; lastKnownFileType = sourcecode.swift; path = SDKDatePicker.swift; sourceTree = "<group>"; };
		52B893B027A54494002BE782 /* SDKExtensions.swift */ = {isa = PBXFileReference; fileEncoding = 4; lastKnownFileType = sourcecode.swift; path = SDKExtensions.swift; sourceTree = "<group>"; };
		52B893B127A54494002BE782 /* SDKRatingView.swift */ = {isa = PBXFileReference; fileEncoding = 4; lastKnownFileType = sourcecode.swift; path = SDKRatingView.swift; sourceTree = "<group>"; };
		52B893B227A54494002BE782 /* SDKLocationStructures.swift */ = {isa = PBXFileReference; fileEncoding = 4; lastKnownFileType = sourcecode.swift; path = SDKLocationStructures.swift; sourceTree = "<group>"; };
		52B893B327A54494002BE782 /* SDKAllMethods.swift */ = {isa = PBXFileReference; fileEncoding = 4; lastKnownFileType = sourcecode.swift; path = SDKAllMethods.swift; sourceTree = "<group>"; };
		52B893B427A54494002BE782 /* SDKReachability.swift */ = {isa = PBXFileReference; fileEncoding = 4; lastKnownFileType = sourcecode.swift; path = SDKReachability.swift; sourceTree = "<group>"; };
		52B893B527A54494002BE782 /* SDKDrivers.swift */ = {isa = PBXFileReference; fileEncoding = 4; lastKnownFileType = sourcecode.swift; path = SDKDrivers.swift; sourceTree = "<group>"; };
		52B893B627A54494002BE782 /* SDKConstants.swift */ = {isa = PBXFileReference; fileEncoding = 4; lastKnownFileType = sourcecode.swift; path = SDKConstants.swift; sourceTree = "<group>"; };
		52B893E527A54495002BE782 /* UMI.storyboard */ = {isa = PBXFileReference; fileEncoding = 4; lastKnownFileType = file.storyboard; path = UMI.storyboard; sourceTree = "<group>"; };
		52B893E627A54495002BE782 /* sparkle.wav */ = {isa = PBXFileReference; lastKnownFileType = audio.wav; path = sparkle.wav; sourceTree = "<group>"; };
		52B893E727A54495002BE782 /* Media.xcassets */ = {isa = PBXFileReference; lastKnownFileType = folder.assetcatalog; path = Media.xcassets; sourceTree = "<group>"; };
		52B893E827A54495002BE782 /* style.json */ = {isa = PBXFileReference; fileEncoding = 4; lastKnownFileType = text.json; path = style.json; sourceTree = "<group>"; };
		52B893E927A54495002BE782 /* delivery_truck.png */ = {isa = PBXFileReference; lastKnownFileType = image.png; path = delivery_truck.png; sourceTree = "<group>"; };
		52B893EA27A54495002BE782 /* Trip.storyboard */ = {isa = PBXFileReference; fileEncoding = 4; lastKnownFileType = file.storyboard; path = Trip.storyboard; sourceTree = "<group>"; };
		52B893EB27A54495002BE782 /* Deliveries.storyboard */ = {isa = PBXFileReference; fileEncoding = 4; lastKnownFileType = file.storyboard; path = Deliveries.storyboard; sourceTree = "<group>"; };
/* End PBXFileReference section */

/* Begin PBXFrameworksBuildPhase section */
		52B8934127A54424002BE782 /* Frameworks */ = {
			isa = PBXFrameworksBuildPhase;
			buildActionMask = 2147483647;
			files = (
				52B02A2A27BBDE4C00CBB72C /* FirebaseDatabase in Frameworks */,
				52B02A1F27BBDDBB00CBB72C /* NVActivityIndicatorView in Frameworks */,
				52B02A2C27BBDE4C00CBB72C /* FirebaseMessaging in Frameworks */,
				52B02A3427BBE00C00CBB72C /* GooglePlaces in Frameworks */,
				52B02A2827BBDE4C00CBB72C /* FirebaseAuth in Frameworks */,
				52B02A3727BBE0F000CBB72C /* Alamofire in Frameworks */,
				52B02A3A27BBE12000CBB72C /* SDWebImage in Frameworks */,
				52B02A2527BBDDF900CBB72C /* EasyNotificationBadge in Frameworks */,
				52B02A3227BBE00C00CBB72C /* GoogleMaps in Frameworks */,
				52B02A3D27BBE47300CBB72C /* IQKeyboardManagerSwift in Frameworks */,
				52B02A2227BBDDCE00CBB72C /* UIView-Shimmer in Frameworks */,
				52B02A1C27BBDDA400CBB72C /* SwiftMessages in Frameworks */,
				52B02A2F27BBDEFF00CBB72C /* MessageKit in Frameworks */,
			);
			runOnlyForDeploymentPostprocessing = 0;
		};
/* End PBXFrameworksBuildPhase section */

/* Begin PBXGroup section */
		52B8933A27A54424002BE782 = {
			isa = PBXGroup;
			children = (
				52B8934627A54424002BE782 /* LittleSDK */,
				52B8934527A54424002BE782 /* Products */,
			);
			sourceTree = "<group>";
		};
		52B8934527A54424002BE782 /* Products */ = {
			isa = PBXGroup;
			children = (
				52B8934427A54424002BE782 /* LittleSDK.framework */,
			);
			name = Products;
			sourceTree = "<group>";
		};
		52B8934627A54424002BE782 /* LittleSDK */ = {
			isa = PBXGroup;
			children = (
				52B893E427A54495002BE782 /* Assets */,
				52B8935027A54494002BE782 /* Classes */,
				52B893B727A54494002BE782 /* Extras */,
				52B8934727A54424002BE782 /* LittleSDK.h */,
				52B8934827A54424002BE782 /* LittleSDK.docc */,
			);
			path = LittleSDK;
			sourceTree = "<group>";
		};
		52B8935027A54494002BE782 /* Classes */ = {
			isa = PBXGroup;
			children = (
				52B8935127A54494002BE782 /* Encryption */,
				52B8935627A54494002BE782 /* Cells */,
				52B8938527A54494002BE782 /* KCWrapper */,
				52B8938927A54494002BE782 /* LittleSDKPanel.swift */,
				52B8938A27A54494002BE782 /* UIViewControllers */,
				52B893A327A54494002BE782 /* UIViews */,
				52B893AC27A54494002BE782 /* Helper Classes */,
			);
			path = Classes;
			sourceTree = "<group>";
		};
		52B8935127A54494002BE782 /* Encryption */ = {
			isa = PBXGroup;
			children = (
				52B02A1227BBC89500CBB72C /* SwiftCrypt.swift */,
			);
			path = Encryption;
			sourceTree = "<group>";
		};
		52B8935627A54494002BE782 /* Cells */ = {
			isa = PBXGroup;
			children = (
				52B8935727A54494002BE782 /* OrderSummaryCell.xib */,
				52B8935827A54494002BE782 /* LocationCell.xib */,
				52B8935927A54494002BE782 /* OrderSummaryCell.swift */,
				52B8935A27A54494002BE782 /* MenuCategoryCell.xib */,
				52B8935B27A54494002BE782 /* MenuAddonsCell.xib */,
				52B8935C27A54494002BE782 /* KYCCell.xib */,
				52B8935D27A54494002BE782 /* ExtraFieldsCell.swift */,
				52B8935E27A54494002BE782 /* LocationTableViewCell.swift */,
				52B8935F27A54494002BE782 /* DriveMeCell.xib */,
				52B8936027A54494002BE782 /* ChatToCell.swift */,
				52B8936127A54494002BE782 /* NewPreferredTableViewCell.swift */,
				52B8936227A54494002BE782 /* BreakdownTableViewCell.swift */,
				52B8936327A54494002BE782 /* DestinationCell.xib */,
				52B8936427A54494002BE782 /* LocationsCell.swift */,
				52B8936527A54494002BE782 /* MenuAddonsCell.swift */,
				52B8936627A54494002BE782 /* NewCartypeTableViewCell.xib */,
				52B8936727A54494002BE782 /* DestinationCell.swift */,
				52B8936827A54494002BE782 /* DeliveryCell.swift */,
				52B8936927A54494002BE782 /* ChatFromCell.xib */,
				52B8936A27A54494002BE782 /* StopsCell.xib */,
				52B8936B27A54494002BE782 /* RecentsCell.xib */,
				52B8936C27A54494002BE782 /* LocationCell.swift */,
				52B8936D27A54494002BE782 /* RestaurantCell.xib */,
				52B8936E27A54494002BE782 /* OrderHistoryCell.xib */,
				52B8936F27A54494002BE782 /* DeliveryCell.xib */,
				52B8937027A54494002BE782 /* ExtraItemsCell.xib */,
				52B8937127A54494002BE782 /* NewImgLblTableViewCell.swift */,
				52B8937227A54494002BE782 /* DriveMeCell.swift */,
				52B8937327A54494002BE782 /* PlaceSuggestionCell.swift */,
				52B8937427A54494002BE782 /* OrderHistoryCell.swift */,
				52B8937527A54494002BE782 /* MenuCell.swift */,
				52B8937627A54494002BE782 /* KYCCell.swift */,
				52B8937727A54494002BE782 /* NewImgLblTableViewCell.xib */,
				52B8937827A54494002BE782 /* NewPreferredTableViewCell.xib */,
				52B8937927A54494002BE782 /* MenuCategoryCell.swift */,
				52B8937A27A54494002BE782 /* PlaceSuggestionCell.xib */,
				52B8937B27A54494002BE782 /* RestaurantCell.swift */,
				52B8937C27A54494002BE782 /* StopsCell.swift */,
				52B8937D27A54494002BE782 /* MenuCell.xib */,
				52B8937E27A54494002BE782 /* ChatToCell.xib */,
				52B8937F27A54494002BE782 /* ChatFromCell.swift */,
				52B8938027A54494002BE782 /* ExtraFieldsCell.xib */,
				52B8938127A54494002BE782 /* RecentsCell.swift */,
				52B8938227A54494002BE782 /* OffersCell.xib */,
				52B8938327A54494002BE782 /* OffersCell.swift */,
				52B8938427A54494002BE782 /* NewCartypeTableViewCell.swift */,
			);
			path = Cells;
			sourceTree = "<group>";
		};
		52B8938527A54494002BE782 /* KCWrapper */ = {
			isa = PBXGroup;
			children = (
				52B8938627A54494002BE782 /* SwiftKeychainWrapper.h */,
				52B8938727A54494002BE782 /* LittleSDKKCWrapper.swift */,
				52B8938827A54494002BE782 /* LittleSDKKCItemAccessibility.swift */,
			);
			path = KCWrapper;
			sourceTree = "<group>";
		};
		52B8938A27A54494002BE782 /* UIViewControllers */ = {
			isa = PBXGroup;
			children = (
				52B8938B27A54494002BE782 /* LittleRideVC.swift */,
				52B8938C27A54494002BE782 /* ConfirmOrderController.swift */,
				52B8938D27A54494002BE782 /* SearchMultiple.swift */,
				52B8938E27A54494002BE782 /* SearchLocViewController.swift */,
				52B8938F27A54494002BE782 /* InitializeSDKVC.swift */,
				52B8939027A54494002BE782 /* CancelOrderController.swift */,
				52B8939127A54494002BE782 /* LoadCashViewController.swift */,
				52B8939227A54494002BE782 /* ShowTripStopsController.swift */,
				52B8939327A54494002BE782 /* TrackOrderController.swift */,
				52B8939427A54494002BE782 /* TripRatingVC.swift */,
				52B8939527A54494002BE782 /* SearchLocationViewController.swift */,
				52B8939627A54494002BE782 /* SearchController.swift */,
				52B8939727A54494002BE782 /* UMIController.swift */,
				52B8939827A54494002BE782 /* ChatController.swift */,
				52B8939927A54494002BE782 /* ExtraItemsController.swift */,
				52B8939A27A54494002BE782 /* DeliveriesController.swift */,
				52B8939B27A54494002BE782 /* OrderHistoryController.swift */,
				52B8939C27A54494002BE782 /* NewPopoverController.swift */,
				52B8939D27A54494002BE782 /* TripVC.swift */,
				52B8939E27A54494002BE782 /* ReceiptVC.swift */,
				52B8939F27A54494002BE782 /* ProductController.swift */,
				52B893A027A54494002BE782 /* OrderSummaryController.swift */,
				52B893A127A54494002BE782 /* RatingVC.swift */,
				52B893A227A54494002BE782 /* ScannerVC.swift */,
			);
			path = UIViewControllers;
			sourceTree = "<group>";
		};
		52B893A327A54494002BE782 /* UIViews */ = {
			isa = PBXGroup;
			children = (
				52B893A427A54494002BE782 /* CardViewController.swift */,
				52B893A527A54494002BE782 /* CardViewController.xib */,
				52B893A627A54494002BE782 /* PopoverPlaceInfo.swift */,
				52B893A727A54494002BE782 /* PopoverEnterText.swift */,
				52B893A827A54494002BE782 /* PopOverAlertWithAction.swift */,
				52B893A927A54494002BE782 /* PopoverEnterText.xib */,
				52B893AA27A54494002BE782 /* PopoverPlaceInfo.xib */,
				52B893AB27A54494002BE782 /* PopOverAlertWithAction.xib */,
			);
			path = UIViews;
			sourceTree = "<group>";
		};
		52B893AC27A54494002BE782 /* Helper Classes */ = {
			isa = PBXGroup;
			children = (
				52B893AD27A54494002BE782 /* SDKStructures.swift */,
				52B893AE27A54494002BE782 /* SDKHandleCalls.swift */,
				52B893AF27A54494002BE782 /* SDKDatePicker.swift */,
				52B893B027A54494002BE782 /* SDKExtensions.swift */,
				52B893B127A54494002BE782 /* SDKRatingView.swift */,
				52B893B227A54494002BE782 /* SDKLocationStructures.swift */,
				52B893B327A54494002BE782 /* SDKAllMethods.swift */,
				52B893B427A54494002BE782 /* SDKReachability.swift */,
				52B893B527A54494002BE782 /* SDKDrivers.swift */,
				52B893B627A54494002BE782 /* SDKConstants.swift */,
			);
			path = "Helper Classes";
			sourceTree = "<group>";
		};
		52B893B727A54494002BE782 /* Extras */ = {
			isa = PBXGroup;
			children = (
			);
			path = Extras;
			sourceTree = "<group>";
		};
		52B893E427A54495002BE782 /* Assets */ = {
			isa = PBXGroup;
			children = (
				52B893E527A54495002BE782 /* UMI.storyboard */,
				52B893E627A54495002BE782 /* sparkle.wav */,
				52B893E727A54495002BE782 /* Media.xcassets */,
				52B893E827A54495002BE782 /* style.json */,
				52B893E927A54495002BE782 /* delivery_truck.png */,
				52B893EA27A54495002BE782 /* Trip.storyboard */,
				52B893EB27A54495002BE782 /* Deliveries.storyboard */,
			);
			path = Assets;
			sourceTree = "<group>";
		};
/* End PBXGroup section */

/* Begin PBXHeadersBuildPhase section */
		52B8933F27A54424002BE782 /* Headers */ = {
			isa = PBXHeadersBuildPhase;
			buildActionMask = 2147483647;
			files = (
				52B8934A27A54424002BE782 /* LittleSDK.h in Headers */,
				52B8941E27A54495002BE782 /* SwiftKeychainWrapper.h in Headers */,
			);
			runOnlyForDeploymentPostprocessing = 0;
		};
/* End PBXHeadersBuildPhase section */

/* Begin PBXNativeTarget section */
		52B8934327A54424002BE782 /* LittleSDK */ = {
			isa = PBXNativeTarget;
			buildConfigurationList = 52B8934D27A54424002BE782 /* Build configuration list for PBXNativeTarget "LittleSDK" */;
			buildPhases = (
				52B8933F27A54424002BE782 /* Headers */,
				52B8934027A54424002BE782 /* Sources */,
				52B8934127A54424002BE782 /* Frameworks */,
				52B8934227A54424002BE782 /* Resources */,
			);
			buildRules = (
			);
			dependencies = (
			);
			name = LittleSDK;
			packageProductDependencies = (
				52B02A1B27BBDDA400CBB72C /* SwiftMessages */,
				52B02A1E27BBDDBB00CBB72C /* NVActivityIndicatorView */,
				52B02A2127BBDDCE00CBB72C /* UIView-Shimmer */,
				52B02A2427BBDDF900CBB72C /* EasyNotificationBadge */,
				52B02A2727BBDE4C00CBB72C /* FirebaseAuth */,
				52B02A2927BBDE4C00CBB72C /* FirebaseDatabase */,
				52B02A2B27BBDE4C00CBB72C /* FirebaseMessaging */,
				52B02A2E27BBDEFF00CBB72C /* MessageKit */,
				52B02A3127BBE00C00CBB72C /* GoogleMaps */,
				52B02A3327BBE00C00CBB72C /* GooglePlaces */,
				52B02A3627BBE0F000CBB72C /* Alamofire */,
				52B02A3927BBE12000CBB72C /* SDWebImage */,
				52B02A3C27BBE47300CBB72C /* IQKeyboardManagerSwift */,
			);
			productName = LittleSDK;
			productReference = 52B8934427A54424002BE782 /* LittleSDK.framework */;
			productType = "com.apple.product-type.framework";
		};
/* End PBXNativeTarget section */

/* Begin PBXProject section */
		52B8933B27A54424002BE782 /* Project object */ = {
			isa = PBXProject;
			attributes = {
				BuildIndependentTargetsInParallel = 1;
				LastUpgradeCheck = 1310;
				TargetAttributes = {
					52B8934327A54424002BE782 = {
						CreatedOnToolsVersion = 13.1;
					};
				};
			};
			buildConfigurationList = 52B8933E27A54424002BE782 /* Build configuration list for PBXProject "LittleSDK" */;
			compatibilityVersion = "Xcode 13.0";
			developmentRegion = en;
			hasScannedForEncodings = 0;
			knownRegions = (
				en,
				Base,
			);
			mainGroup = 52B8933A27A54424002BE782;
			packageReferences = (
				52B02A1A27BBDDA400CBB72C /* XCRemoteSwiftPackageReference "SwiftMessages" */,
				52B02A1D27BBDDBB00CBB72C /* XCRemoteSwiftPackageReference "NVActivityIndicatorView" */,
				52B02A2027BBDDCE00CBB72C /* XCRemoteSwiftPackageReference "UIView-Shimmer" */,
				52B02A2327BBDDF900CBB72C /* XCRemoteSwiftPackageReference "EasyNotificationBadge" */,
				52B02A2627BBDE4C00CBB72C /* XCRemoteSwiftPackageReference "firebase-ios-sdk" */,
				52B02A2D27BBDEFF00CBB72C /* XCRemoteSwiftPackageReference "MessageKit" */,
				52B02A3027BBE00C00CBB72C /* XCRemoteSwiftPackageReference "GoogleMaps-SP" */,
				52B02A3527BBE0F000CBB72C /* XCRemoteSwiftPackageReference "Alamofire" */,
				52B02A3827BBE11F00CBB72C /* XCRemoteSwiftPackageReference "SDWebImage" */,
				52B02A3B27BBE47300CBB72C /* XCRemoteSwiftPackageReference "IQKeyboardManager" */,
			);
			productRefGroup = 52B8934527A54424002BE782 /* Products */;
			projectDirPath = "";
			projectRoot = "";
			targets = (
				52B8934327A54424002BE782 /* LittleSDK */,
			);
		};
/* End PBXProject section */

/* Begin PBXResourcesBuildPhase section */
		52B8934227A54424002BE782 /* Resources */ = {
			isa = PBXResourcesBuildPhase;
			buildActionMask = 2147483647;
			files = (
				52B8940427A54495002BE782 /* RecentsCell.xib in Resources */,
				52B8941127A54495002BE782 /* NewPreferredTableViewCell.xib in Resources */,
				52B8941727A54495002BE782 /* ChatToCell.xib in Resources */,
				52B8947727A54495002BE782 /* style.json in Resources */,
				52B8943F27A54495002BE782 /* PopoverEnterText.xib in Resources */,
				52B8947927A54495002BE782 /* Trip.storyboard in Resources */,
				52B8941627A54495002BE782 /* MenuCell.xib in Resources */,
				52B8947527A54495002BE782 /* sparkle.wav in Resources */,
				52B893F327A54495002BE782 /* MenuCategoryCell.xib in Resources */,
				52B893FF27A54495002BE782 /* NewCartypeTableViewCell.xib in Resources */,
				52B893F427A54495002BE782 /* MenuAddonsCell.xib in Resources */,
				52B893FC27A54495002BE782 /* DestinationCell.xib in Resources */,
				52B8941B27A54495002BE782 /* OffersCell.xib in Resources */,
				52B8944127A54495002BE782 /* PopOverAlertWithAction.xib in Resources */,
				52B8940927A54495002BE782 /* ExtraItemsCell.xib in Resources */,
				52B893F827A54495002BE782 /* DriveMeCell.xib in Resources */,
				52B8940727A54495002BE782 /* OrderHistoryCell.xib in Resources */,
				52B8940227A54495002BE782 /* ChatFromCell.xib in Resources */,
				52B893F127A54495002BE782 /* LocationCell.xib in Resources */,
				52B8941327A54495002BE782 /* PlaceSuggestionCell.xib in Resources */,
				52B8940827A54495002BE782 /* DeliveryCell.xib in Resources */,
				52B8947A27A54495002BE782 /* Deliveries.storyboard in Resources */,
				52B8940627A54495002BE782 /* RestaurantCell.xib in Resources */,
				52B8944027A54495002BE782 /* PopoverPlaceInfo.xib in Resources */,
				52B893F527A54495002BE782 /* KYCCell.xib in Resources */,
				52B8947827A54495002BE782 /* delivery_truck.png in Resources */,
				52B8943B27A54495002BE782 /* CardViewController.xib in Resources */,
				52B893F027A54495002BE782 /* OrderSummaryCell.xib in Resources */,
				52B8941927A54495002BE782 /* ExtraFieldsCell.xib in Resources */,
				52B8947627A54495002BE782 /* Media.xcassets in Resources */,
				52B8947427A54495002BE782 /* UMI.storyboard in Resources */,
				52B8940327A54495002BE782 /* StopsCell.xib in Resources */,
				52B8941027A54495002BE782 /* NewImgLblTableViewCell.xib in Resources */,
			);
			runOnlyForDeploymentPostprocessing = 0;
		};
/* End PBXResourcesBuildPhase section */

/* Begin PBXSourcesBuildPhase section */
		52B8934027A54424002BE782 /* Sources */ = {
			isa = PBXSourcesBuildPhase;
			buildActionMask = 2147483647;
			files = (
				52B893FD27A54495002BE782 /* LocationsCell.swift in Sources */,
				52B8943127A54495002BE782 /* DeliveriesController.swift in Sources */,
				52B8943D27A54495002BE782 /* PopoverEnterText.swift in Sources */,
				52B8942A27A54495002BE782 /* TrackOrderController.swift in Sources */,
				52B8943927A54495002BE782 /* ScannerVC.swift in Sources */,
				52B8942B27A54495002BE782 /* TripRatingVC.swift in Sources */,
				52B8942827A54495002BE782 /* LoadCashViewController.swift in Sources */,
				52B8941827A54495002BE782 /* ChatFromCell.swift in Sources */,
				52B8942027A54495002BE782 /* LittleSDKKCItemAccessibility.swift in Sources */,
				52B8943A27A54495002BE782 /* CardViewController.swift in Sources */,
				52B8942527A54495002BE782 /* SearchLocViewController.swift in Sources */,
				52B893F727A54495002BE782 /* LocationTableViewCell.swift in Sources */,
				52B8941527A54495002BE782 /* StopsCell.swift in Sources */,
				52B8944827A54495002BE782 /* SDKAllMethods.swift in Sources */,
				52B8943027A54495002BE782 /* ExtraItemsController.swift in Sources */,
				52B8942327A54495002BE782 /* ConfirmOrderController.swift in Sources */,
				52B893FB27A54495002BE782 /* BreakdownTableViewCell.swift in Sources */,
				52B8942F27A54495002BE782 /* ChatController.swift in Sources */,
				52B8943327A54495002BE782 /* NewPopoverController.swift in Sources */,
				52B893F627A54495002BE782 /* ExtraFieldsCell.swift in Sources */,
				52B8944227A54495002BE782 /* SDKStructures.swift in Sources */,
				52B8941227A54495002BE782 /* MenuCategoryCell.swift in Sources */,
				52B8944727A54495002BE782 /* SDKLocationStructures.swift in Sources */,
				52B8944927A54495002BE782 /* SDKReachability.swift in Sources */,
				52B02A1327BBC89500CBB72C /* SwiftCrypt.swift in Sources */,
				52B8943E27A54495002BE782 /* PopOverAlertWithAction.swift in Sources */,
				52B8940527A54495002BE782 /* LocationCell.swift in Sources */,
				52B8944427A54495002BE782 /* SDKDatePicker.swift in Sources */,
				52B8943C27A54495002BE782 /* PopoverPlaceInfo.swift in Sources */,
				52B8940E27A54495002BE782 /* MenuCell.swift in Sources */,
				52B8942227A54495002BE782 /* LittleRideVC.swift in Sources */,
				52B8941427A54495002BE782 /* RestaurantCell.swift in Sources */,
				52B8944B27A54495002BE782 /* SDKConstants.swift in Sources */,
				52B8940A27A54495002BE782 /* NewImgLblTableViewCell.swift in Sources */,
				52B8941C27A54495002BE782 /* OffersCell.swift in Sources */,
				52B8942427A54495002BE782 /* SearchMultiple.swift in Sources */,
				52B8943627A54495002BE782 /* ProductController.swift in Sources */,
				52B8934927A54424002BE782 /* LittleSDK.docc in Sources */,
				52B8943227A54495002BE782 /* OrderHistoryController.swift in Sources */,
				52B8941A27A54495002BE782 /* RecentsCell.swift in Sources */,
				52B8940B27A54495002BE782 /* DriveMeCell.swift in Sources */,
				52B8940C27A54495002BE782 /* PlaceSuggestionCell.swift in Sources */,
				52B8942927A54495002BE782 /* ShowTripStopsController.swift in Sources */,
				52B8940F27A54495002BE782 /* KYCCell.swift in Sources */,
				52B8940027A54495002BE782 /* DestinationCell.swift in Sources */,
				52B8942C27A54495002BE782 /* SearchLocationViewController.swift in Sources */,
				52B893F227A54495002BE782 /* OrderSummaryCell.swift in Sources */,
				52B8942D27A54495002BE782 /* SearchController.swift in Sources */,
				52B8941D27A54495002BE782 /* NewCartypeTableViewCell.swift in Sources */,
				52B8944527A54495002BE782 /* SDKExtensions.swift in Sources */,
				52B8942627A54495002BE782 /* InitializeSDKVC.swift in Sources */,
				52B8943427A54495002BE782 /* TripVC.swift in Sources */,
				52B8940D27A54495002BE782 /* OrderHistoryCell.swift in Sources */,
				52B893FA27A54495002BE782 /* NewPreferredTableViewCell.swift in Sources */,
				52B8942127A54495002BE782 /* LittleSDKPanel.swift in Sources */,
				52B893FE27A54495002BE782 /* MenuAddonsCell.swift in Sources */,
				52B8943727A54495002BE782 /* OrderSummaryController.swift in Sources */,
				52B8944A27A54495002BE782 /* SDKDrivers.swift in Sources */,
				52B8944327A54495002BE782 /* SDKHandleCalls.swift in Sources */,
				52B8942E27A54495002BE782 /* UMIController.swift in Sources */,
				52B8942727A54495002BE782 /* CancelOrderController.swift in Sources */,
				52B8940127A54495002BE782 /* DeliveryCell.swift in Sources */,
				52B8944627A54495002BE782 /* SDKRatingView.swift in Sources */,
				52B8943827A54495002BE782 /* RatingVC.swift in Sources */,
				52B8941F27A54495002BE782 /* LittleSDKKCWrapper.swift in Sources */,
				52B893F927A54495002BE782 /* ChatToCell.swift in Sources */,
				52B8943527A54495002BE782 /* ReceiptVC.swift in Sources */,
			);
			runOnlyForDeploymentPostprocessing = 0;
		};
/* End PBXSourcesBuildPhase section */

/* Begin XCBuildConfiguration section */
		52B8934B27A54424002BE782 /* Debug */ = {
			isa = XCBuildConfiguration;
			buildSettings = {
				ALWAYS_SEARCH_USER_PATHS = NO;
				CLANG_ANALYZER_NONNULL = YES;
				CLANG_ANALYZER_NUMBER_OBJECT_CONVERSION = YES_AGGRESSIVE;
				CLANG_CXX_LANGUAGE_STANDARD = "gnu++17";
				CLANG_CXX_LIBRARY = "libc++";
				CLANG_ENABLE_MODULES = YES;
				CLANG_ENABLE_OBJC_ARC = YES;
				CLANG_ENABLE_OBJC_WEAK = YES;
				CLANG_WARN_BLOCK_CAPTURE_AUTORELEASING = YES;
				CLANG_WARN_BOOL_CONVERSION = YES;
				CLANG_WARN_COMMA = YES;
				CLANG_WARN_CONSTANT_CONVERSION = YES;
				CLANG_WARN_DEPRECATED_OBJC_IMPLEMENTATIONS = YES;
				CLANG_WARN_DIRECT_OBJC_ISA_USAGE = YES_ERROR;
				CLANG_WARN_DOCUMENTATION_COMMENTS = YES;
				CLANG_WARN_EMPTY_BODY = YES;
				CLANG_WARN_ENUM_CONVERSION = YES;
				CLANG_WARN_INFINITE_RECURSION = YES;
				CLANG_WARN_INT_CONVERSION = YES;
				CLANG_WARN_NON_LITERAL_NULL_CONVERSION = YES;
				CLANG_WARN_OBJC_IMPLICIT_RETAIN_SELF = YES;
				CLANG_WARN_OBJC_LITERAL_CONVERSION = YES;
				CLANG_WARN_OBJC_ROOT_CLASS = YES_ERROR;
				CLANG_WARN_QUOTED_INCLUDE_IN_FRAMEWORK_HEADER = YES;
				CLANG_WARN_RANGE_LOOP_ANALYSIS = YES;
				CLANG_WARN_STRICT_PROTOTYPES = YES;
				CLANG_WARN_SUSPICIOUS_MOVE = YES;
				CLANG_WARN_UNGUARDED_AVAILABILITY = YES_AGGRESSIVE;
				CLANG_WARN_UNREACHABLE_CODE = YES;
				CLANG_WARN__DUPLICATE_METHOD_MATCH = YES;
				COPY_PHASE_STRIP = NO;
				CURRENT_PROJECT_VERSION = 1;
				DEBUG_INFORMATION_FORMAT = dwarf;
				ENABLE_STRICT_OBJC_MSGSEND = YES;
				ENABLE_TESTABILITY = YES;
				GCC_C_LANGUAGE_STANDARD = gnu11;
				GCC_DYNAMIC_NO_PIC = NO;
				GCC_NO_COMMON_BLOCKS = YES;
				GCC_OPTIMIZATION_LEVEL = 0;
				GCC_PREPROCESSOR_DEFINITIONS = (
					"DEBUG=1",
					"$(inherited)",
				);
				GCC_WARN_64_TO_32_BIT_CONVERSION = YES;
				GCC_WARN_ABOUT_RETURN_TYPE = YES_ERROR;
				GCC_WARN_UNDECLARED_SELECTOR = YES;
				GCC_WARN_UNINITIALIZED_AUTOS = YES_AGGRESSIVE;
				GCC_WARN_UNUSED_FUNCTION = YES;
				GCC_WARN_UNUSED_VARIABLE = YES;
				IPHONEOS_DEPLOYMENT_TARGET = 12.1;
				MTL_ENABLE_DEBUG_INFO = INCLUDE_SOURCE;
				MTL_FAST_MATH = YES;
				ONLY_ACTIVE_ARCH = YES;
				SDKROOT = iphoneos;
				SWIFT_ACTIVE_COMPILATION_CONDITIONS = DEBUG;
				SWIFT_OPTIMIZATION_LEVEL = "-Onone";
				VERSIONING_SYSTEM = "apple-generic";
				VERSION_INFO_PREFIX = "";
			};
			name = Debug;
		};
		52B8934C27A54424002BE782 /* Release */ = {
			isa = XCBuildConfiguration;
			buildSettings = {
				ALWAYS_SEARCH_USER_PATHS = NO;
				CLANG_ANALYZER_NONNULL = YES;
				CLANG_ANALYZER_NUMBER_OBJECT_CONVERSION = YES_AGGRESSIVE;
				CLANG_CXX_LANGUAGE_STANDARD = "gnu++17";
				CLANG_CXX_LIBRARY = "libc++";
				CLANG_ENABLE_MODULES = YES;
				CLANG_ENABLE_OBJC_ARC = YES;
				CLANG_ENABLE_OBJC_WEAK = YES;
				CLANG_WARN_BLOCK_CAPTURE_AUTORELEASING = YES;
				CLANG_WARN_BOOL_CONVERSION = YES;
				CLANG_WARN_COMMA = YES;
				CLANG_WARN_CONSTANT_CONVERSION = YES;
				CLANG_WARN_DEPRECATED_OBJC_IMPLEMENTATIONS = YES;
				CLANG_WARN_DIRECT_OBJC_ISA_USAGE = YES_ERROR;
				CLANG_WARN_DOCUMENTATION_COMMENTS = YES;
				CLANG_WARN_EMPTY_BODY = YES;
				CLANG_WARN_ENUM_CONVERSION = YES;
				CLANG_WARN_INFINITE_RECURSION = YES;
				CLANG_WARN_INT_CONVERSION = YES;
				CLANG_WARN_NON_LITERAL_NULL_CONVERSION = YES;
				CLANG_WARN_OBJC_IMPLICIT_RETAIN_SELF = YES;
				CLANG_WARN_OBJC_LITERAL_CONVERSION = YES;
				CLANG_WARN_OBJC_ROOT_CLASS = YES_ERROR;
				CLANG_WARN_QUOTED_INCLUDE_IN_FRAMEWORK_HEADER = YES;
				CLANG_WARN_RANGE_LOOP_ANALYSIS = YES;
				CLANG_WARN_STRICT_PROTOTYPES = YES;
				CLANG_WARN_SUSPICIOUS_MOVE = YES;
				CLANG_WARN_UNGUARDED_AVAILABILITY = YES_AGGRESSIVE;
				CLANG_WARN_UNREACHABLE_CODE = YES;
				CLANG_WARN__DUPLICATE_METHOD_MATCH = YES;
				COPY_PHASE_STRIP = NO;
				CURRENT_PROJECT_VERSION = 1;
				DEBUG_INFORMATION_FORMAT = "dwarf-with-dsym";
				ENABLE_NS_ASSERTIONS = NO;
				ENABLE_STRICT_OBJC_MSGSEND = YES;
				GCC_C_LANGUAGE_STANDARD = gnu11;
				GCC_NO_COMMON_BLOCKS = YES;
				GCC_WARN_64_TO_32_BIT_CONVERSION = YES;
				GCC_WARN_ABOUT_RETURN_TYPE = YES_ERROR;
				GCC_WARN_UNDECLARED_SELECTOR = YES;
				GCC_WARN_UNINITIALIZED_AUTOS = YES_AGGRESSIVE;
				GCC_WARN_UNUSED_FUNCTION = YES;
				GCC_WARN_UNUSED_VARIABLE = YES;
				IPHONEOS_DEPLOYMENT_TARGET = 12.1;
				MTL_ENABLE_DEBUG_INFO = NO;
				MTL_FAST_MATH = YES;
				SDKROOT = iphoneos;
				SWIFT_COMPILATION_MODE = wholemodule;
				SWIFT_OPTIMIZATION_LEVEL = "-O";
				VALIDATE_PRODUCT = YES;
				VERSIONING_SYSTEM = "apple-generic";
				VERSION_INFO_PREFIX = "";
			};
			name = Release;
		};
		52B8934E27A54424002BE782 /* Debug */ = {
			isa = XCBuildConfiguration;
			buildSettings = {
				BUILD_LIBRARY_FOR_DISTRIBUTION = YES;
				CODE_SIGN_STYLE = Automatic;
				CURRENT_PROJECT_VERSION = 1;
				DEFINES_MODULE = YES;
				DEVELOPMENT_TEAM = 76RU8T6QBS;
				DYLIB_COMPATIBILITY_VERSION = 1;
				DYLIB_CURRENT_VERSION = 1;
				DYLIB_INSTALL_NAME_BASE = "@rpath";
				GENERATE_INFOPLIST_FILE = YES;
				INFOPLIST_KEY_NSHumanReadableCopyright = "";
				INSTALL_PATH = "$(LOCAL_LIBRARY_DIR)/Frameworks";
				LD_RUNPATH_SEARCH_PATHS = (
					"$(inherited)",
					"@executable_path/Frameworks",
					"@loader_path/Frameworks",
				);
				MARKETING_VERSION = 1.0;
				PRODUCT_BUNDLE_IDENTIFIER = com.littlelimited.LittleSDK;
				PRODUCT_NAME = "$(TARGET_NAME:c99extidentifier)";
				SKIP_INSTALL = YES;
				SUPPORTS_MACCATALYST = NO;
				SUPPORTS_MAC_DESIGNED_FOR_IPHONE_IPAD = NO;
				SWIFT_EMIT_LOC_STRINGS = YES;
				SWIFT_VERSION = 5.0;
				TARGETED_DEVICE_FAMILY = "1,2";
			};
			name = Debug;
		};
		52B8934F27A54424002BE782 /* Release */ = {
			isa = XCBuildConfiguration;
			buildSettings = {
				BUILD_LIBRARY_FOR_DISTRIBUTION = YES;
				CODE_SIGN_STYLE = Automatic;
				CURRENT_PROJECT_VERSION = 1;
				DEFINES_MODULE = YES;
				DEVELOPMENT_TEAM = 76RU8T6QBS;
				DYLIB_COMPATIBILITY_VERSION = 1;
				DYLIB_CURRENT_VERSION = 1;
				DYLIB_INSTALL_NAME_BASE = "@rpath";
				GENERATE_INFOPLIST_FILE = YES;
				INFOPLIST_KEY_NSHumanReadableCopyright = "";
				INSTALL_PATH = "$(LOCAL_LIBRARY_DIR)/Frameworks";
				LD_RUNPATH_SEARCH_PATHS = (
					"$(inherited)",
					"@executable_path/Frameworks",
					"@loader_path/Frameworks",
				);
				MARKETING_VERSION = 1.0;
				PRODUCT_BUNDLE_IDENTIFIER = com.littlelimited.LittleSDK;
				PRODUCT_NAME = "$(TARGET_NAME:c99extidentifier)";
				SKIP_INSTALL = YES;
				SUPPORTS_MACCATALYST = NO;
				SUPPORTS_MAC_DESIGNED_FOR_IPHONE_IPAD = NO;
				SWIFT_EMIT_LOC_STRINGS = YES;
				SWIFT_VERSION = 5.0;
				TARGETED_DEVICE_FAMILY = "1,2";
			};
			name = Release;
		};
/* End XCBuildConfiguration section */

/* Begin XCConfigurationList section */
		52B8933E27A54424002BE782 /* Build configuration list for PBXProject "LittleSDK" */ = {
			isa = XCConfigurationList;
			buildConfigurations = (
				52B8934B27A54424002BE782 /* Debug */,
				52B8934C27A54424002BE782 /* Release */,
			);
			defaultConfigurationIsVisible = 0;
			defaultConfigurationName = Release;
		};
		52B8934D27A54424002BE782 /* Build configuration list for PBXNativeTarget "LittleSDK" */ = {
			isa = XCConfigurationList;
			buildConfigurations = (
				52B8934E27A54424002BE782 /* Debug */,
				52B8934F27A54424002BE782 /* Release */,
			);
			defaultConfigurationIsVisible = 0;
			defaultConfigurationName = Release;
		};
/* End XCConfigurationList section */

/* Begin XCRemoteSwiftPackageReference section */
		52B02A1A27BBDDA400CBB72C /* XCRemoteSwiftPackageReference "SwiftMessages" */ = {
			isa = XCRemoteSwiftPackageReference;
			repositoryURL = "https://github.com/SwiftKickMobile/SwiftMessages";
			requirement = {
				kind = upToNextMajorVersion;
				minimumVersion = 9.0.0;
			};
		};
		52B02A1D27BBDDBB00CBB72C /* XCRemoteSwiftPackageReference "NVActivityIndicatorView" */ = {
			isa = XCRemoteSwiftPackageReference;
			repositoryURL = "https://github.com/ninjaprox/NVActivityIndicatorView.git";
			requirement = {
				kind = upToNextMajorVersion;
				minimumVersion = 5.0.0;
			};
		};
		52B02A2027BBDDCE00CBB72C /* XCRemoteSwiftPackageReference "UIView-Shimmer" */ = {
			isa = XCRemoteSwiftPackageReference;
			repositoryURL = "https://github.com/omerfarukozturk/UIView-Shimmer.git";
			requirement = {
				kind = upToNextMajorVersion;
				minimumVersion = 1.0.0;
			};
		};
		52B02A2327BBDDF900CBB72C /* XCRemoteSwiftPackageReference "EasyNotificationBadge" */ = {
			isa = XCRemoteSwiftPackageReference;
			repositoryURL = "https://github.com/Minitour/EasyNotificationBadge.git";
			requirement = {
				kind = upToNextMajorVersion;
				minimumVersion = 1.0.0;
			};
		};
		52B02A2627BBDE4C00CBB72C /* XCRemoteSwiftPackageReference "firebase-ios-sdk" */ = {
			isa = XCRemoteSwiftPackageReference;
			repositoryURL = "https://github.com/firebase/firebase-ios-sdk.git";
			requirement = {
				kind = upToNextMajorVersion;
				minimumVersion = 8.0.0;
			};
		};
		52B02A2D27BBDEFF00CBB72C /* XCRemoteSwiftPackageReference "MessageKit" */ = {
			isa = XCRemoteSwiftPackageReference;
			repositoryURL = "https://github.com/MessageKit/MessageKit";
			requirement = {
				kind = upToNextMajorVersion;
				minimumVersion = 3.0.0;
			};
		};
		52B02A3027BBE00C00CBB72C /* XCRemoteSwiftPackageReference "GoogleMaps-SP" */ = {
			isa = XCRemoteSwiftPackageReference;
			repositoryURL = "https://github.com/YAtechnologies/GoogleMaps-SP.git";
			requirement = {
				kind = upToNextMajorVersion;
				minimumVersion = 6.0.0;
			};
		};
		52B02A3527BBE0F000CBB72C /* XCRemoteSwiftPackageReference "Alamofire" */ = {
			isa = XCRemoteSwiftPackageReference;
			repositoryURL = "https://github.com/Alamofire/Alamofire.git";
			requirement = {
				kind = upToNextMajorVersion;
				minimumVersion = 5.0.0;
			};
		};
		52B02A3827BBE11F00CBB72C /* XCRemoteSwiftPackageReference "SDWebImage" */ = {
			isa = XCRemoteSwiftPackageReference;
			repositoryURL = "https://github.com/SDWebImage/SDWebImage.git";
			requirement = {
				kind = upToNextMajorVersion;
				minimumVersion = 5.0.0;
			};
		};
		52B02A3B27BBE47300CBB72C /* XCRemoteSwiftPackageReference "IQKeyboardManager" */ = {
			isa = XCRemoteSwiftPackageReference;
			repositoryURL = "https://github.com/hackiftekhar/IQKeyboardManager";
			requirement = {
				kind = upToNextMajorVersion;
				minimumVersion = 6.0.5;
			};
		};
/* End XCRemoteSwiftPackageReference section */

/* Begin XCSwiftPackageProductDependency section */
		52B02A1B27BBDDA400CBB72C /* SwiftMessages */ = {
			isa = XCSwiftPackageProductDependency;
			package = 52B02A1A27BBDDA400CBB72C /* XCRemoteSwiftPackageReference "SwiftMessages" */;
			productName = SwiftMessages;
		};
		52B02A1E27BBDDBB00CBB72C /* NVActivityIndicatorView */ = {
			isa = XCSwiftPackageProductDependency;
			package = 52B02A1D27BBDDBB00CBB72C /* XCRemoteSwiftPackageReference "NVActivityIndicatorView" */;
			productName = NVActivityIndicatorView;
		};
		52B02A2127BBDDCE00CBB72C /* UIView-Shimmer */ = {
			isa = XCSwiftPackageProductDependency;
			package = 52B02A2027BBDDCE00CBB72C /* XCRemoteSwiftPackageReference "UIView-Shimmer" */;
			productName = "UIView-Shimmer";
		};
		52B02A2427BBDDF900CBB72C /* EasyNotificationBadge */ = {
			isa = XCSwiftPackageProductDependency;
			package = 52B02A2327BBDDF900CBB72C /* XCRemoteSwiftPackageReference "EasyNotificationBadge" */;
			productName = EasyNotificationBadge;
		};
		52B02A2727BBDE4C00CBB72C /* FirebaseAuth */ = {
			isa = XCSwiftPackageProductDependency;
			package = 52B02A2627BBDE4C00CBB72C /* XCRemoteSwiftPackageReference "firebase-ios-sdk" */;
			productName = FirebaseAuth;
		};
		52B02A2927BBDE4C00CBB72C /* FirebaseDatabase */ = {
			isa = XCSwiftPackageProductDependency;
			package = 52B02A2627BBDE4C00CBB72C /* XCRemoteSwiftPackageReference "firebase-ios-sdk" */;
			productName = FirebaseDatabase;
		};
		52B02A2B27BBDE4C00CBB72C /* FirebaseMessaging */ = {
			isa = XCSwiftPackageProductDependency;
			package = 52B02A2627BBDE4C00CBB72C /* XCRemoteSwiftPackageReference "firebase-ios-sdk" */;
			productName = FirebaseMessaging;
		};
		52B02A2E27BBDEFF00CBB72C /* MessageKit */ = {
			isa = XCSwiftPackageProductDependency;
			package = 52B02A2D27BBDEFF00CBB72C /* XCRemoteSwiftPackageReference "MessageKit" */;
			productName = MessageKit;
		};
		52B02A3127BBE00C00CBB72C /* GoogleMaps */ = {
			isa = XCSwiftPackageProductDependency;
			package = 52B02A3027BBE00C00CBB72C /* XCRemoteSwiftPackageReference "GoogleMaps-SP" */;
			productName = GoogleMaps;
		};
		52B02A3327BBE00C00CBB72C /* GooglePlaces */ = {
			isa = XCSwiftPackageProductDependency;
			package = 52B02A3027BBE00C00CBB72C /* XCRemoteSwiftPackageReference "GoogleMaps-SP" */;
			productName = GooglePlaces;
		};
		52B02A3627BBE0F000CBB72C /* Alamofire */ = {
			isa = XCSwiftPackageProductDependency;
			package = 52B02A3527BBE0F000CBB72C /* XCRemoteSwiftPackageReference "Alamofire" */;
			productName = Alamofire;
		};
		52B02A3927BBE12000CBB72C /* SDWebImage */ = {
			isa = XCSwiftPackageProductDependency;
			package = 52B02A3827BBE11F00CBB72C /* XCRemoteSwiftPackageReference "SDWebImage" */;
			productName = SDWebImage;
		};
		52B02A3C27BBE47300CBB72C /* IQKeyboardManagerSwift */ = {
			isa = XCSwiftPackageProductDependency;
			package = 52B02A3B27BBE47300CBB72C /* XCRemoteSwiftPackageReference "IQKeyboardManager" */;
			productName = IQKeyboardManagerSwift;
		};
/* End XCSwiftPackageProductDependency section */
	};
	rootObject = 52B8933B27A54424002BE782 /* Project object */;
}
